PODS:
  - SDWebImage (5.13.4):
    - SDWebImage/Core (= 5.13.4)
  - SDWebImage/Core (5.13.4)

DEPENDENCIES:
  - SDWebImage

SPEC REPOS:
  trunk:
    - SDWebImage

SPEC CHECKSUMS:
  SDWebImage: e5cc87bf736e60f49592f307bdf9e157189298a3

PODFILE CHECKSUM: 94d9561bcc96115d14b20083e1aa6d89864a4a9d

COCOAPODS: 1.8.4
